
Microsoft Visual Studio Solution File, Format Version 12.00
# Visual Studio Version 17
VisualStudioVersion = 17.9.34728.123
MinimumVisualStudioVersion = 10.0.40219.1
Project("{FAE04EC0-301F-11D3-BF4B-00C04F79EFBC}") = "HyperLinkLabel", "HyperLinkLabel\HyperLinkLabel.csproj", "{BE73E1BD-5DD0-426D-97C3-30DD162B6A0D}"
EndProject
Project("{FAE04EC0-301F-11D3-BF4B-00C04F79EFBC}") = "Sample", "Sample\Sample.csproj", "{A715693D-2855-492F-8823-9FD2CB7FFB6D}"
EndProject
Global
	GlobalSection(SolutionConfigurationPlatforms) = preSolution
		Debug|Any CPU = Debug|Any CPU
		Release|Any CPU = Release|Any CPU
	EndGlobalSection
	GlobalSection(ProjectConfigurationPlatforms) = postSolution
		{BE73E1BD-5DD0-426D-97C3-30DD162B6A0D}.Debug|Any CPU.ActiveCfg = Debug|Any CPU
		{BE73E1BD-5DD0-426D-97C3-30DD162B6A0D}.Debug|Any CPU.Build.0 = Debug|Any CPU
		{BE73E1BD-5DD0-426D-97C3-30DD162B6A0D}.Release|Any CPU.ActiveCfg = Release|Any CPU
		{BE73E1BD-5DD0-426D-97C3-30DD162B6A0D}.Release|Any CPU.Build.0 = Release|Any CPU
		{A715693D-2855-492F-8823-9FD2CB7FFB6D}.Debug|Any CPU.ActiveCfg = Debug|Any CPU
		{A715693D-2855-492F-8823-9FD2CB7FFB6D}.Debug|Any CPU.Build.0 = Debug|Any CPU
		{A715693D-2855-492F-8823-9FD2CB7FFB6D}.Debug|Any CPU.Deploy.0 = Debug|Any CPU
		{A715693D-2855-492F-8823-9FD2CB7FFB6D}.Release|Any CPU.ActiveCfg = Release|Any CPU
		{A715693D-2855-492F-8823-9FD2CB7FFB6D}.Release|Any CPU.Build.0 = Release|Any CPU
		{A715693D-2855-492F-8823-9FD2CB7FFB6D}.Release|Any CPU.Deploy.0 = Release|Any CPU
	EndGlobalSection
	GlobalSection(SolutionProperties) = preSolution
		HideSolutionNode = FALSE
	EndGlobalSection
	GlobalSection(ExtensibilityGlobals) = postSolution
		SolutionGuid = {E6DB4D03-F832-4B7E-9C69-A7374B4BC864}
	EndGlobalSection
EndGlobal
